
Microsoft Visual Studio Solution File, Format Version 12.00
# Visual Studio Version 17
VisualStudioVersion = 17.7.34202.233
MinimumVisualStudioVersion = 10.0.40219.1
Project("{FAE04EC0-301F-11D3-BF4B-00C04F79EFBC}") = "Ex 5.1 - Length method on text strings", "Ex 5.1 - Length method on text strings.csproj", "{869F52F1-CC13-4D3F-A70B-75956CC4A605}"
EndProject
Global
	GlobalSection(SolutionConfigurationPlatforms) = preSolution
		Debug|Any CPU = Debug|Any CPU
		Release|Any CPU = Release|Any CPU
	EndGlobalSection
	GlobalSection(ProjectConfigurationPlatforms) = postSolution
		{869F52F1-CC13-4D3F-A70B-75956CC4A605}.Debug|Any CPU.ActiveCfg = Debug|Any CPU
		{869F52F1-CC13-4D3F-A70B-75956CC4A605}.Debug|Any CPU.Build.0 = Debug|Any CPU
		{869F52F1-CC13-4D3F-A70B-75956CC4A605}.Release|Any CPU.ActiveCfg = Release|Any CPU
		{869F52F1-CC13-4D3F-A70B-75956CC4A605}.Release|Any CPU.Build.0 = Release|Any CPU
	EndGlobalSection
	GlobalSection(SolutionProperties) = preSolution
		HideSolutionNode = FALSE
	EndGlobalSection
	GlobalSection(ExtensibilityGlobals) = postSolution
		SolutionGuid = {46DF0B55-3A76-477A-85B9-BEB8ABBD4C63}
	EndGlobalSection
EndGlobal
